
Microsoft Visual Studio Solution File, Format Version 12.00
# Visual Studio Version 17
VisualStudioVersion = 17.2.32317.152
MinimumVisualStudioVersion = 10.0.40219.1
Project("{9A19103F-16F7-4668-BE54-9A1E7A4F7556}") = "Cpu", "Cpu\Cpu.csproj", "{2FEFF039-7387-4002-886B-784AB28EEA97}"
EndProject
Project("{9A19103F-16F7-4668-BE54-9A1E7A4F7556}") = "CpuDebugger", "NesDebugger\CpuDebugger.csproj", "{E587FBBE-F135-493D-B3CD-5759D0A4139C}"
EndProject
Global
	GlobalSection(SolutionConfigurationPlatforms) = preSolution
		Debug|Any CPU = Debug|Any CPU
		Release|Any CPU = Release|Any CPU
	EndGlobalSection
	GlobalSection(ProjectConfigurationPlatforms) = postSolution
		{2FEFF039-7387-4002-886B-784AB28EEA97}.Debug|Any CPU.ActiveCfg = Debug|Any CPU
		{2FEFF039-7387-4002-886B-784AB28EEA97}.Debug|Any CPU.Build.0 = Debug|Any CPU
		{2FEFF039-7387-4002-886B-784AB28EEA97}.Release|Any CPU.ActiveCfg = Release|Any CPU
		{2FEFF039-7387-4002-886B-784AB28EEA97}.Release|Any CPU.Build.0 = Release|Any CPU
		{E587FBBE-F135-493D-B3CD-5759D0A4139C}.Debug|Any CPU.ActiveCfg = Debug|Any CPU
		{E587FBBE-F135-493D-B3CD-5759D0A4139C}.Debug|Any CPU.Build.0 = Debug|Any CPU
		{E587FBBE-F135-493D-B3CD-5759D0A4139C}.Release|Any CPU.ActiveCfg = Release|Any CPU
		{E587FBBE-F135-493D-B3CD-5759D0A4139C}.Release|Any CPU.Build.0 = Release|Any CPU
	EndGlobalSection
	GlobalSection(SolutionProperties) = preSolution
		HideSolutionNode = FALSE
	EndGlobalSection
	GlobalSection(ExtensibilityGlobals) = postSolution
		SolutionGuid = {F469015C-4DAC-444E-84EE-4610CB8C8207}
	EndGlobalSection
EndGlobal
